
Microsoft Visual Studio Solution File, Format Version 12.00
# Visual Studio Version 17
VisualStudioVersion = 17.0.31903.59
MinimumVisualStudioVersion = 10.0.40219.1
Project("{FAE04EC0-301F-11D3-BF4B-00C04F79EFBC}") = "MVCRevision", "MVCRevision\MVCRevision.csproj", "{8F8F4D39-0D33-4EAE-A4A8-2B67D07B8754}"
EndProject
Project("{FAE04EC0-301F-11D3-BF4B-00C04F79EFBC}") = "NoTopLevel", "NoTopLevel\NoTopLevel.csproj", "{CE7BFC3A-79B6-4BB5-92FB-255ABFACFD26}"
EndProject
Global
	GlobalSection(SolutionConfigurationPlatforms) = preSolution
		Debug|Any CPU = Debug|Any CPU
		Release|Any CPU = Release|Any CPU
	EndGlobalSection
	GlobalSection(SolutionProperties) = preSolution
		HideSolutionNode = FALSE
	EndGlobalSection
	GlobalSection(ProjectConfigurationPlatforms) = postSolution
		{8F8F4D39-0D33-4EAE-A4A8-2B67D07B8754}.Debug|Any CPU.ActiveCfg = Debug|Any CPU
		{8F8F4D39-0D33-4EAE-A4A8-2B67D07B8754}.Debug|Any CPU.Build.0 = Debug|Any CPU
		{8F8F4D39-0D33-4EAE-A4A8-2B67D07B8754}.Release|Any CPU.ActiveCfg = Release|Any CPU
		{8F8F4D39-0D33-4EAE-A4A8-2B67D07B8754}.Release|Any CPU.Build.0 = Release|Any CPU
		{CE7BFC3A-79B6-4BB5-92FB-255ABFACFD26}.Debug|Any CPU.ActiveCfg = Debug|Any CPU
		{CE7BFC3A-79B6-4BB5-92FB-255ABFACFD26}.Debug|Any CPU.Build.0 = Debug|Any CPU
		{CE7BFC3A-79B6-4BB5-92FB-255ABFACFD26}.Release|Any CPU.ActiveCfg = Release|Any CPU
		{CE7BFC3A-79B6-4BB5-92FB-255ABFACFD26}.Release|Any CPU.Build.0 = Release|Any CPU
	EndGlobalSection
EndGlobal
